PODS:
  - Alamofire (3.1.2)
  - MagneticFields (0.6.7)
  - OMGHTTPURLRQ (3.0.2):
    - OMGHTTPURLRQ/RQ (= 3.0.2)
  - OMGHTTPURLRQ/FormURLEncode (3.0.2)
  - OMGHTTPURLRQ/RQ (3.0.2):
    - OMGHTTPURLRQ/FormURLEncode
    - OMGHTTPURLRQ/UserAgent
  - OMGHTTPURLRQ/UserAgent (3.0.2)
  - PromiseKit (3.0.0):
    - PromiseKit/Foundation (= 3.0.0)
    - PromiseKit/QuartzCore (= 3.0.0)
    - PromiseKit/UIKit (= 3.0.0)
  - PromiseKit/CorePromise (3.0.0)
  - PromiseKit/Foundation (3.0.0):
    - OMGHTTPURLRQ (~> 3.0.0)
    - PromiseKit/CorePromise
  - PromiseKit/QuartzCore (3.0.0):
    - PromiseKit/CorePromise
  - PromiseKit/UIKit (3.0.0):
    - PromiseKit/CorePromise
  - SwiftyJSON (2.3.1)

DEPENDENCIES:
  - Alamofire (~> 3.0)
  - MagneticFields (= 0.6.7)
  - PromiseKit (~> 3.0)
  - SwiftyJSON (~> 2.3.0)

SPEC CHECKSUMS:
  Alamofire: 7c16ca65f3c7e681fd925fd7f2dec7747ff96855
  MagneticFields: 1bb373b72e8117ccd80b1be060992bafc2d4f68c
  OMGHTTPURLRQ: 8376dc887d76a5a7e2a67881dc788f917a2f437c
  PromiseKit: 665540a1eb43156446872dcf49ed7dee6ebbe13b
  SwiftyJSON: 592b53bee5ef3dd9b3bebc6b9cb7ee35426ae8c3

PODFILE CHECKSUM: c92bcd70c38f93cab3c86de4afc77cceb0a55eab

COCOAPODS: 1.0.0
