PODS:
  - Alamofire (3.5.1)
  - MagneticFields (0.6.7)
  - OMGHTTPURLRQ (3.2.0):
    - OMGHTTPURLRQ/RQ (= 3.2.0)
  - OMGHTTPURLRQ/FormURLEncode (3.2.0)
  - OMGHTTPURLRQ/RQ (3.2.0):
    - OMGHTTPURLRQ/FormURLEncode
    - OMGHTTPURLRQ/UserAgent
  - OMGHTTPURLRQ/UserAgent (3.2.0)
  - PromiseKit (3.5.1):
    - PromiseKit/Foundation (= 3.5.1)
    - PromiseKit/QuartzCore (= 3.5.1)
    - PromiseKit/UIKit (= 3.5.1)
  - PromiseKit/CorePromise (3.5.1)
  - PromiseKit/Foundation (3.5.1):
    - OMGHTTPURLRQ (~> 3.2.0)
    - PromiseKit/CorePromise
  - PromiseKit/QuartzCore (3.5.1):
    - PromiseKit/CorePromise
  - PromiseKit/UIKit (3.5.1):
    - PromiseKit/CorePromise
  - SwiftyJSON (2.3.3)

DEPENDENCIES:
  - Alamofire (~> 3.0)
  - MagneticFields (= 0.6.7)
  - PromiseKit (~> 3.0)
  - SwiftyJSON (~> 2.3.0)

SPEC CHECKSUMS:
  Alamofire: 0dfba1184a543e2aa160f4e39cac4e8aba48d223
  MagneticFields: 1bb373b72e8117ccd80b1be060992bafc2d4f68c
  OMGHTTPURLRQ: 1e54807cb7d5dbb506926e53498e1e9ac5720c79
  PromiseKit: 99ea973444a4bff6c38ffb97fa1bb175e619bcf0
  SwiftyJSON: 0fd0a115a3c0c09b277d2ab801df154902b942c3

PODFILE CHECKSUM: c92bcd70c38f93cab3c86de4afc77cceb0a55eab

COCOAPODS: 1.1.1
