// !$*UTF8*$!
{
	archiveVersion = 1;
	classes = {
	};
	objectVersion = 46;
	objects = {

/* Begin PBXBuildFile section */
		22080E311BEED3A200A633AA /* CompoundDataStore.swift in Sources */ = {isa = PBXBuildFile; fileRef = 22080E301BEED3A200A633AA /* CompoundDataStore.swift */; settings = {ASSET_TAGS = (); }; };
		2235AED61BEFD4AD00A730F0 /* Routable.swift in Sources */ = {isa = PBXBuildFile; fileRef = 2235AED51BEFD4AD00A730F0 /* Routable.swift */; settings = {ASSET_TAGS = (); }; };
		2235AED81BEFD5B800A730F0 /* DictionarySerializable.swift in Sources */ = {isa = PBXBuildFile; fileRef = 2235AED71BEFD5B800A730F0 /* DictionarySerializable.swift */; settings = {ASSET_TAGS = (); }; };
		2235AEDB1BEFE00E00A730F0 /* DictionaryExtension.swift in Sources */ = {isa = PBXBuildFile; fileRef = 2235AEDA1BEFE00E00A730F0 /* DictionaryExtension.swift */; settings = {ASSET_TAGS = (); }; };
		2235AEDC1BF008E400A730F0 /* DictionarySerializable.swift in Sources */ = {isa = PBXBuildFile; fileRef = 2235AED71BEFD5B800A730F0 /* DictionarySerializable.swift */; settings = {ASSET_TAGS = (); }; };
		2235AEDD1BF008EE00A730F0 /* Routable.swift in Sources */ = {isa = PBXBuildFile; fileRef = 2235AED51BEFD4AD00A730F0 /* Routable.swift */; settings = {ASSET_TAGS = (); }; };
		2235AEDE1BF008FA00A730F0 /* DictionaryExtension.swift in Sources */ = {isa = PBXBuildFile; fileRef = 2235AEDA1BEFE00E00A730F0 /* DictionaryExtension.swift */; settings = {ASSET_TAGS = (); }; };
		2235AEDF1BF0090100A730F0 /* CompoundDataStore.swift in Sources */ = {isa = PBXBuildFile; fileRef = 22080E301BEED3A200A633AA /* CompoundDataStore.swift */; settings = {ASSET_TAGS = (); }; };
		225DE7EA1BEE8069009698FC /* APIKit.h in Headers */ = {isa = PBXBuildFile; fileRef = 225DE7E91BEE8069009698FC /* APIKit.h */; settings = {ATTRIBUTES = (Public, ); }; };
		225DE7F11BEE8069009698FC /* APIKit.framework in Frameworks */ = {isa = PBXBuildFile; fileRef = 225DE7E61BEE8069009698FC /* APIKit.framework */; settings = {ASSET_TAGS = (); }; };
		225DE7F61BEE8069009698FC /* APIKitTests.swift in Sources */ = {isa = PBXBuildFile; fileRef = 225DE7F51BEE8069009698FC /* APIKitTests.swift */; };
		225DE8071BEEB04D009698FC /* MemoryDataStore.swift in Sources */ = {isa = PBXBuildFile; fileRef = 225DE8061BEEB04D009698FC /* MemoryDataStore.swift */; settings = {ASSET_TAGS = (); }; };
		225DE80C1BEEB9CF009698FC /* DataStore.swift in Sources */ = {isa = PBXBuildFile; fileRef = 225DE80B1BEEB9CF009698FC /* DataStore.swift */; settings = {ASSET_TAGS = (); }; };
		225DE80E1BEEB9FE009698FC /* RemoteDataStore.swift in Sources */ = {isa = PBXBuildFile; fileRef = 225DE80D1BEEB9FE009698FC /* RemoteDataStore.swift */; settings = {ASSET_TAGS = (); }; };
		225DE8121BEEBABE009698FC /* Model.swift in Sources */ = {isa = PBXBuildFile; fileRef = 225DE8111BEEBABE009698FC /* Model.swift */; settings = {ASSET_TAGS = (); }; };
		225DE8161BEEC0D5009698FC /* ModelManager.swift in Sources */ = {isa = PBXBuildFile; fileRef = 225DE8151BEEC0D5009698FC /* ModelManager.swift */; settings = {ASSET_TAGS = (); }; };
		225DE8171BEEC4D8009698FC /* Model.swift in Sources */ = {isa = PBXBuildFile; fileRef = 225DE8111BEEBABE009698FC /* Model.swift */; settings = {ASSET_TAGS = (); }; };
		225DE8181BEEC4DC009698FC /* ModelManager.swift in Sources */ = {isa = PBXBuildFile; fileRef = 225DE8151BEEC0D5009698FC /* ModelManager.swift */; settings = {ASSET_TAGS = (); }; };
		225DE81C1BEEC4E3009698FC /* MemoryDataStore.swift in Sources */ = {isa = PBXBuildFile; fileRef = 225DE8061BEEB04D009698FC /* MemoryDataStore.swift */; settings = {ASSET_TAGS = (); }; };
		225DE81D1BEEC4E3009698FC /* DataStore.swift in Sources */ = {isa = PBXBuildFile; fileRef = 225DE80B1BEEB9CF009698FC /* DataStore.swift */; settings = {ASSET_TAGS = (); }; };
		225DE81E1BEEC4E3009698FC /* RemoteDataStore.swift in Sources */ = {isa = PBXBuildFile; fileRef = 225DE80D1BEEB9FE009698FC /* RemoteDataStore.swift */; settings = {ASSET_TAGS = (); }; };
		3379611099364D616E5921CF /* Pods_APIKit.framework in Frameworks */ = {isa = PBXBuildFile; fileRef = FA64AEC3AC528E3B53B826E1 /* Pods_APIKit.framework */; };
/* End PBXBuildFile section */

/* Begin PBXContainerItemProxy section */
		225DE7F21BEE8069009698FC /* PBXContainerItemProxy */ = {
			isa = PBXContainerItemProxy;
			containerPortal = 225DE7DD1BEE8068009698FC /* Project object */;
			proxyType = 1;
			remoteGlobalIDString = 225DE7E51BEE8068009698FC;
			remoteInfo = APIKit;
		};
/* End PBXContainerItemProxy section */

/* Begin PBXFileReference section */
		22080E301BEED3A200A633AA /* CompoundDataStore.swift */ = {isa = PBXFileReference; fileEncoding = 4; lastKnownFileType = sourcecode.swift; path = CompoundDataStore.swift; sourceTree = "<group>"; };
		2235AED51BEFD4AD00A730F0 /* Routable.swift */ = {isa = PBXFileReference; fileEncoding = 4; lastKnownFileType = sourcecode.swift; path = Routable.swift; sourceTree = "<group>"; };
		2235AED71BEFD5B800A730F0 /* DictionarySerializable.swift */ = {isa = PBXFileReference; fileEncoding = 4; lastKnownFileType = sourcecode.swift; path = DictionarySerializable.swift; sourceTree = "<group>"; };
		2235AEDA1BEFE00E00A730F0 /* DictionaryExtension.swift */ = {isa = PBXFileReference; fileEncoding = 4; lastKnownFileType = sourcecode.swift; path = DictionaryExtension.swift; sourceTree = "<group>"; };
		2235AEE01BF03D1400A730F0 /* APIKit.podspec */ = {isa = PBXFileReference; lastKnownFileType = text; path = APIKit.podspec; sourceTree = "<group>"; };
		225DE7E61BEE8069009698FC /* APIKit.framework */ = {isa = PBXFileReference; explicitFileType = wrapper.framework; includeInIndex = 0; path = APIKit.framework; sourceTree = BUILT_PRODUCTS_DIR; };
		225DE7E91BEE8069009698FC /* APIKit.h */ = {isa = PBXFileReference; lastKnownFileType = sourcecode.c.h; path = APIKit.h; sourceTree = "<group>"; };
		225DE7EB1BEE8069009698FC /* Info.plist */ = {isa = PBXFileReference; lastKnownFileType = text.plist.xml; path = Info.plist; sourceTree = "<group>"; };
		225DE7F01BEE8069009698FC /* APIKitTests.xctest */ = {isa = PBXFileReference; explicitFileType = wrapper.cfbundle; includeInIndex = 0; path = APIKitTests.xctest; sourceTree = BUILT_PRODUCTS_DIR; };
		225DE7F51BEE8069009698FC /* APIKitTests.swift */ = {isa = PBXFileReference; lastKnownFileType = sourcecode.swift; path = APIKitTests.swift; sourceTree = "<group>"; };
		225DE7F71BEE8069009698FC /* Info.plist */ = {isa = PBXFileReference; lastKnownFileType = text.plist.xml; path = Info.plist; sourceTree = "<group>"; };
		225DE8001BEE807D009698FC /* Podfile */ = {isa = PBXFileReference; lastKnownFileType = text; path = Podfile; sourceTree = "<group>"; };
		225DE8061BEEB04D009698FC /* MemoryDataStore.swift */ = {isa = PBXFileReference; fileEncoding = 4; lastKnownFileType = sourcecode.swift; path = MemoryDataStore.swift; sourceTree = "<group>"; };
		225DE80B1BEEB9CF009698FC /* DataStore.swift */ = {isa = PBXFileReference; fileEncoding = 4; lastKnownFileType = sourcecode.swift; path = DataStore.swift; sourceTree = "<group>"; };
		225DE80D1BEEB9FE009698FC /* RemoteDataStore.swift */ = {isa = PBXFileReference; fileEncoding = 4; lastKnownFileType = sourcecode.swift; path = RemoteDataStore.swift; sourceTree = "<group>"; };
		225DE8111BEEBABE009698FC /* Model.swift */ = {isa = PBXFileReference; fileEncoding = 4; lastKnownFileType = sourcecode.swift; path = Model.swift; sourceTree = "<group>"; };
		225DE8151BEEC0D5009698FC /* ModelManager.swift */ = {isa = PBXFileReference; fileEncoding = 4; lastKnownFileType = sourcecode.swift; path = ModelManager.swift; sourceTree = "<group>"; };
		4449023E723EA0BF4A2BA99C /* Pods-APIKit.debug.xcconfig */ = {isa = PBXFileReference; includeInIndex = 1; lastKnownFileType = text.xcconfig; name = "Pods-APIKit.debug.xcconfig"; path = "Pods/Target Support Files/Pods-APIKit/Pods-APIKit.debug.xcconfig"; sourceTree = "<group>"; };
		5A96EBE05329483E5F866082 /* Pods-APIKit.release.xcconfig */ = {isa = PBXFileReference; includeInIndex = 1; lastKnownFileType = text.xcconfig; name = "Pods-APIKit.release.xcconfig"; path = "Pods/Target Support Files/Pods-APIKit/Pods-APIKit.release.xcconfig"; sourceTree = "<group>"; };
		FA64AEC3AC528E3B53B826E1 /* Pods_APIKit.framework */ = {isa = PBXFileReference; explicitFileType = wrapper.framework; includeInIndex = 0; path = Pods_APIKit.framework; sourceTree = BUILT_PRODUCTS_DIR; };
/* End PBXFileReference section */

/* Begin PBXFrameworksBuildPhase section */
		225DE7E21BEE8068009698FC /* Frameworks */ = {
			isa = PBXFrameworksBuildPhase;
			buildActionMask = 2147483647;
			files = (
				3379611099364D616E5921CF /* Pods_APIKit.framework in Frameworks */,
			);
			runOnlyForDeploymentPostprocessing = 0;
		};
		225DE7ED1BEE8069009698FC /* Frameworks */ = {
			isa = PBXFrameworksBuildPhase;
			buildActionMask = 2147483647;
			files = (
				225DE7F11BEE8069009698FC /* APIKit.framework in Frameworks */,
			);
			runOnlyForDeploymentPostprocessing = 0;
		};
/* End PBXFrameworksBuildPhase section */

/* Begin PBXGroup section */
		2235AED91BEFDFFE00A730F0 /* extensions */ = {
			isa = PBXGroup;
			children = (
				2235AEDA1BEFE00E00A730F0 /* DictionaryExtension.swift */,
			);
			name = extensions;
			sourceTree = "<group>";
		};
		225DE7DC1BEE8068009698FC = {
			isa = PBXGroup;
			children = (
				2235AEE01BF03D1400A730F0 /* APIKit.podspec */,
				225DE8001BEE807D009698FC /* Podfile */,
				225DE7E81BEE8069009698FC /* APIKit */,
				225DE7F41BEE8069009698FC /* APIKitTests */,
				225DE7E71BEE8069009698FC /* Products */,
				FE36985B2E7A0EB51874A5E0 /* Pods */,
				B2A99780F0A5091C87C8EAFF /* Frameworks */,
			);
			sourceTree = "<group>";
		};
		225DE7E71BEE8069009698FC /* Products */ = {
			isa = PBXGroup;
			children = (
				225DE7E61BEE8069009698FC /* APIKit.framework */,
				225DE7F01BEE8069009698FC /* APIKitTests.xctest */,
			);
			name = Products;
			sourceTree = "<group>";
		};
		225DE7E81BEE8069009698FC /* APIKit */ = {
			isa = PBXGroup;
			children = (
				2235AED91BEFDFFE00A730F0 /* extensions */,
				225DE80F1BEEBA93009698FC /* data store */,
				225DE8101BEEBA9A009698FC /* models */,
				225DE7E91BEE8069009698FC /* APIKit.h */,
				225DE7EB1BEE8069009698FC /* Info.plist */,
				225DE8151BEEC0D5009698FC /* ModelManager.swift */,
				2235AED51BEFD4AD00A730F0 /* Routable.swift */,
				2235AED71BEFD5B800A730F0 /* DictionarySerializable.swift */,
			);
			path = APIKit;
			sourceTree = "<group>";
		};
		225DE7F41BEE8069009698FC /* APIKitTests */ = {
			isa = PBXGroup;
			children = (
				225DE7F51BEE8069009698FC /* APIKitTests.swift */,
				225DE7F71BEE8069009698FC /* Info.plist */,
			);
			path = APIKitTests;
			sourceTree = "<group>";
		};
		225DE80F1BEEBA93009698FC /* data store */ = {
			isa = PBXGroup;
			children = (
				225DE80B1BEEB9CF009698FC /* DataStore.swift */,
				225DE8061BEEB04D009698FC /* MemoryDataStore.swift */,
				225DE80D1BEEB9FE009698FC /* RemoteDataStore.swift */,
				22080E301BEED3A200A633AA /* CompoundDataStore.swift */,
			);
			name = "data store";
			sourceTree = "<group>";
		};
		225DE8101BEEBA9A009698FC /* models */ = {
			isa = PBXGroup;
			children = (
				225DE8111BEEBABE009698FC /* Model.swift */,
			);
			name = models;
			sourceTree = "<group>";
		};
		B2A99780F0A5091C87C8EAFF /* Frameworks */ = {
			isa = PBXGroup;
			children = (
				FA64AEC3AC528E3B53B826E1 /* Pods_APIKit.framework */,
			);
			name = Frameworks;
			sourceTree = "<group>";
		};
		FE36985B2E7A0EB51874A5E0 /* Pods */ = {
			isa = PBXGroup;
			children = (
				4449023E723EA0BF4A2BA99C /* Pods-APIKit.debug.xcconfig */,
				5A96EBE05329483E5F866082 /* Pods-APIKit.release.xcconfig */,
			);
			name = Pods;
			sourceTree = "<group>";
		};
/* End PBXGroup section */

/* Begin PBXHeadersBuildPhase section */
		225DE7E31BEE8068009698FC /* Headers */ = {
			isa = PBXHeadersBuildPhase;
			buildActionMask = 2147483647;
			files = (
				225DE7EA1BEE8069009698FC /* APIKit.h in Headers */,
			);
			runOnlyForDeploymentPostprocessing = 0;
		};
/* End PBXHeadersBuildPhase section */

/* Begin PBXNativeTarget section */
		225DE7E51BEE8068009698FC /* APIKit */ = {
			isa = PBXNativeTarget;
			buildConfigurationList = 225DE7FA1BEE8069009698FC /* Build configuration list for PBXNativeTarget "APIKit" */;
			buildPhases = (
				846755F590DFCCCAF88694E6 /* Check Pods Manifest.lock */,
				225DE7E11BEE8068009698FC /* Sources */,
				225DE7E21BEE8068009698FC /* Frameworks */,
				225DE7E31BEE8068009698FC /* Headers */,
				225DE7E41BEE8068009698FC /* Resources */,
				B0B31320040353A880AABAB2 /* Copy Pods Resources */,
			);
			buildRules = (
			);
			dependencies = (
			);
			name = APIKit;
			productName = APIKit;
			productReference = 225DE7E61BEE8069009698FC /* APIKit.framework */;
			productType = "com.apple.product-type.framework";
		};
		225DE7EF1BEE8069009698FC /* APIKitTests */ = {
			isa = PBXNativeTarget;
			buildConfigurationList = 225DE7FD1BEE8069009698FC /* Build configuration list for PBXNativeTarget "APIKitTests" */;
			buildPhases = (
				225DE7EC1BEE8069009698FC /* Sources */,
				225DE7ED1BEE8069009698FC /* Frameworks */,
				225DE7EE1BEE8069009698FC /* Resources */,
			);
			buildRules = (
			);
			dependencies = (
				225DE7F31BEE8069009698FC /* PBXTargetDependency */,
			);
			name = APIKitTests;
			productName = APIKitTests;
			productReference = 225DE7F01BEE8069009698FC /* APIKitTests.xctest */;
			productType = "com.apple.product-type.bundle.unit-test";
		};
/* End PBXNativeTarget section */

/* Begin PBXProject section */
		225DE7DD1BEE8068009698FC /* Project object */ = {
			isa = PBXProject;
			attributes = {
				LastSwiftUpdateCheck = 0700;
				LastUpgradeCheck = 0700;
				ORGANIZATIONNAME = "Sam Williams";
				TargetAttributes = {
					225DE7E51BEE8068009698FC = {
						CreatedOnToolsVersion = 7.0.1;
					};
					225DE7EF1BEE8069009698FC = {
						CreatedOnToolsVersion = 7.0.1;
					};
				};
			};
			buildConfigurationList = 225DE7E01BEE8068009698FC /* Build configuration list for PBXProject "APIKit" */;
			compatibilityVersion = "Xcode 3.2";
			developmentRegion = English;
			hasScannedForEncodings = 0;
			knownRegions = (
				en,
			);
			mainGroup = 225DE7DC1BEE8068009698FC;
			productRefGroup = 225DE7E71BEE8069009698FC /* Products */;
			projectDirPath = "";
			projectRoot = "";
			targets = (
				225DE7E51BEE8068009698FC /* APIKit */,
				225DE7EF1BEE8069009698FC /* APIKitTests */,
			);
		};
/* End PBXProject section */

/* Begin PBXResourcesBuildPhase section */
		225DE7E41BEE8068009698FC /* Resources */ = {
			isa = PBXResourcesBuildPhase;
			buildActionMask = 2147483647;
			files = (
			);
			runOnlyForDeploymentPostprocessing = 0;
		};
		225DE7EE1BEE8069009698FC /* Resources */ = {
			isa = PBXResourcesBuildPhase;
			buildActionMask = 2147483647;
			files = (
			);
			runOnlyForDeploymentPostprocessing = 0;
		};
/* End PBXResourcesBuildPhase section */

/* Begin PBXShellScriptBuildPhase section */
		846755F590DFCCCAF88694E6 /* Check Pods Manifest.lock */ = {
			isa = PBXShellScriptBuildPhase;
			buildActionMask = 2147483647;
			files = (
			);
			inputPaths = (
			);
			name = "Check Pods Manifest.lock";
			outputPaths = (
			);
			runOnlyForDeploymentPostprocessing = 0;
			shellPath = /bin/sh;
			shellScript = "diff \"${PODS_ROOT}/../Podfile.lock\" \"${PODS_ROOT}/Manifest.lock\" > /dev/null\nif [[ $? != 0 ]] ; then\n    cat << EOM\nerror: The sandbox is not in sync with the Podfile.lock. Run 'pod install' or update your CocoaPods installation.\nEOM\n    exit 1\nfi\n";
			showEnvVarsInLog = 0;
		};
		B0B31320040353A880AABAB2 /* Copy Pods Resources */ = {
			isa = PBXShellScriptBuildPhase;
			buildActionMask = 2147483647;
			files = (
			);
			inputPaths = (
			);
			name = "Copy Pods Resources";
			outputPaths = (
			);
			runOnlyForDeploymentPostprocessing = 0;
			shellPath = /bin/sh;
			shellScript = "\"${SRCROOT}/Pods/Target Support Files/Pods-APIKit/Pods-APIKit-resources.sh\"\n";
			showEnvVarsInLog = 0;
		};
/* End PBXShellScriptBuildPhase section */

/* Begin PBXSourcesBuildPhase section */
		225DE7E11BEE8068009698FC /* Sources */ = {
			isa = PBXSourcesBuildPhase;
			buildActionMask = 2147483647;
			files = (
				2235AEDB1BEFE00E00A730F0 /* DictionaryExtension.swift in Sources */,
				225DE80C1BEEB9CF009698FC /* DataStore.swift in Sources */,
				2235AED61BEFD4AD00A730F0 /* Routable.swift in Sources */,
				225DE8071BEEB04D009698FC /* MemoryDataStore.swift in Sources */,
				22080E311BEED3A200A633AA /* CompoundDataStore.swift in Sources */,
				2235AED81BEFD5B800A730F0 /* DictionarySerializable.swift in Sources */,
				225DE80E1BEEB9FE009698FC /* RemoteDataStore.swift in Sources */,
				225DE8121BEEBABE009698FC /* Model.swift in Sources */,
				225DE8161BEEC0D5009698FC /* ModelManager.swift in Sources */,
			);
			runOnlyForDeploymentPostprocessing = 0;
		};
		225DE7EC1BEE8069009698FC /* Sources */ = {
			isa = PBXSourcesBuildPhase;
			buildActionMask = 2147483647;
			files = (
				2235AEDE1BF008FA00A730F0 /* DictionaryExtension.swift in Sources */,
				225DE81C1BEEC4E3009698FC /* MemoryDataStore.swift in Sources */,
				2235AEDC1BF008E400A730F0 /* DictionarySerializable.swift in Sources */,
				225DE8171BEEC4D8009698FC /* Model.swift in Sources */,
				225DE8181BEEC4DC009698FC /* ModelManager.swift in Sources */,
				225DE81D1BEEC4E3009698FC /* DataStore.swift in Sources */,
				225DE7F61BEE8069009698FC /* APIKitTests.swift in Sources */,
				225DE81E1BEEC4E3009698FC /* RemoteDataStore.swift in Sources */,
				2235AEDF1BF0090100A730F0 /* CompoundDataStore.swift in Sources */,
				2235AEDD1BF008EE00A730F0 /* Routable.swift in Sources */,
			);
			runOnlyForDeploymentPostprocessing = 0;
		};
/* End PBXSourcesBuildPhase section */

/* Begin PBXTargetDependency section */
		225DE7F31BEE8069009698FC /* PBXTargetDependency */ = {
			isa = PBXTargetDependency;
			target = 225DE7E51BEE8068009698FC /* APIKit */;
			targetProxy = 225DE7F21BEE8069009698FC /* PBXContainerItemProxy */;
		};
/* End PBXTargetDependency section */

/* Begin XCBuildConfiguration section */
		225DE7F81BEE8069009698FC /* Debug */ = {
			isa = XCBuildConfiguration;
			buildSettings = {
				ALWAYS_SEARCH_USER_PATHS = NO;
				CLANG_CXX_LANGUAGE_STANDARD = "gnu++0x";
				CLANG_CXX_LIBRARY = "libc++";
				CLANG_ENABLE_MODULES = YES;
				CLANG_ENABLE_OBJC_ARC = YES;
				CLANG_WARN_BOOL_CONVERSION = YES;
				CLANG_WARN_CONSTANT_CONVERSION = YES;
				CLANG_WARN_DIRECT_OBJC_ISA_USAGE = YES_ERROR;
				CLANG_WARN_EMPTY_BODY = YES;
				CLANG_WARN_ENUM_CONVERSION = YES;
				CLANG_WARN_INT_CONVERSION = YES;
				CLANG_WARN_OBJC_ROOT_CLASS = YES_ERROR;
				CLANG_WARN_UNREACHABLE_CODE = YES;
				CLANG_WARN__DUPLICATE_METHOD_MATCH = YES;
				"CODE_SIGN_IDENTITY[sdk=iphoneos*]" = "iPhone Developer";
				COPY_PHASE_STRIP = NO;
				CURRENT_PROJECT_VERSION = 1;
				DEBUG_INFORMATION_FORMAT = dwarf;
				ENABLE_STRICT_OBJC_MSGSEND = YES;
				ENABLE_TESTABILITY = YES;
				GCC_C_LANGUAGE_STANDARD = gnu99;
				GCC_DYNAMIC_NO_PIC = NO;
				GCC_NO_COMMON_BLOCKS = YES;
				GCC_OPTIMIZATION_LEVEL = 0;
				GCC_PREPROCESSOR_DEFINITIONS = (
					"DEBUG=1",
					"$(inherited)",
				);
				GCC_WARN_64_TO_32_BIT_CONVERSION = YES;
				GCC_WARN_ABOUT_RETURN_TYPE = YES_ERROR;
				GCC_WARN_UNDECLARED_SELECTOR = YES;
				GCC_WARN_UNINITIALIZED_AUTOS = YES_AGGRESSIVE;
				GCC_WARN_UNUSED_FUNCTION = YES;
				GCC_WARN_UNUSED_VARIABLE = YES;
				IPHONEOS_DEPLOYMENT_TARGET = 9.0;
				MTL_ENABLE_DEBUG_INFO = YES;
				ONLY_ACTIVE_ARCH = YES;
				SDKROOT = iphoneos;
				SWIFT_OPTIMIZATION_LEVEL = "-Onone";
				TARGETED_DEVICE_FAMILY = "1,2";
				VERSIONING_SYSTEM = "apple-generic";
				VERSION_INFO_PREFIX = "";
			};
			name = Debug;
		};
		225DE7F91BEE8069009698FC /* Release */ = {
			isa = XCBuildConfiguration;
			buildSettings = {
				ALWAYS_SEARCH_USER_PATHS = NO;
				CLANG_CXX_LANGUAGE_STANDARD = "gnu++0x";
				CLANG_CXX_LIBRARY = "libc++";
				CLANG_ENABLE_MODULES = YES;
				CLANG_ENABLE_OBJC_ARC = YES;
				CLANG_WARN_BOOL_CONVERSION = YES;
				CLANG_WARN_CONSTANT_CONVERSION = YES;
				CLANG_WARN_DIRECT_OBJC_ISA_USAGE = YES_ERROR;
				CLANG_WARN_EMPTY_BODY = YES;
				CLANG_WARN_ENUM_CONVERSION = YES;
				CLANG_WARN_INT_CONVERSION = YES;
				CLANG_WARN_OBJC_ROOT_CLASS = YES_ERROR;
				CLANG_WARN_UNREACHABLE_CODE = YES;
				CLANG_WARN__DUPLICATE_METHOD_MATCH = YES;
				"CODE_SIGN_IDENTITY[sdk=iphoneos*]" = "iPhone Developer";
				COPY_PHASE_STRIP = NO;
				CURRENT_PROJECT_VERSION = 1;
				DEBUG_INFORMATION_FORMAT = "dwarf-with-dsym";
				ENABLE_NS_ASSERTIONS = NO;
				ENABLE_STRICT_OBJC_MSGSEND = YES;
				GCC_C_LANGUAGE_STANDARD = gnu99;
				GCC_NO_COMMON_BLOCKS = YES;
				GCC_WARN_64_TO_32_BIT_CONVERSION = YES;
				GCC_WARN_ABOUT_RETURN_TYPE = YES_ERROR;
				GCC_WARN_UNDECLARED_SELECTOR = YES;
				GCC_WARN_UNINITIALIZED_AUTOS = YES_AGGRESSIVE;
				GCC_WARN_UNUSED_FUNCTION = YES;
				GCC_WARN_UNUSED_VARIABLE = YES;
				IPHONEOS_DEPLOYMENT_TARGET = 9.0;
				MTL_ENABLE_DEBUG_INFO = NO;
				SDKROOT = iphoneos;
				TARGETED_DEVICE_FAMILY = "1,2";
				VALIDATE_PRODUCT = YES;
				VERSIONING_SYSTEM = "apple-generic";
				VERSION_INFO_PREFIX = "";
			};
			name = Release;
		};
		225DE7FB1BEE8069009698FC /* Debug */ = {
			isa = XCBuildConfiguration;
			baseConfigurationReference = 4449023E723EA0BF4A2BA99C /* Pods-APIKit.debug.xcconfig */;
			buildSettings = {
				CLANG_ENABLE_MODULES = YES;
				DEFINES_MODULE = YES;
				DYLIB_COMPATIBILITY_VERSION = 1;
				DYLIB_CURRENT_VERSION = 1;
				DYLIB_INSTALL_NAME_BASE = "@rpath";
				INFOPLIST_FILE = APIKit/Info.plist;
				INSTALL_PATH = "$(LOCAL_LIBRARY_DIR)/Frameworks";
				LD_RUNPATH_SEARCH_PATHS = "$(inherited) @executable_path/Frameworks @loader_path/Frameworks";
				PRODUCT_BUNDLE_IDENTIFIER = samwilliams.APIKit;
				PRODUCT_NAME = "$(TARGET_NAME)";
				SKIP_INSTALL = YES;
				SWIFT_OPTIMIZATION_LEVEL = "-Onone";
			};
			name = Debug;
		};
		225DE7FC1BEE8069009698FC /* Release */ = {
			isa = XCBuildConfiguration;
			baseConfigurationReference = 5A96EBE05329483E5F866082 /* Pods-APIKit.release.xcconfig */;
			buildSettings = {
				CLANG_ENABLE_MODULES = YES;
				DEFINES_MODULE = YES;
				DYLIB_COMPATIBILITY_VERSION = 1;
				DYLIB_CURRENT_VERSION = 1;
				DYLIB_INSTALL_NAME_BASE = "@rpath";
				INFOPLIST_FILE = APIKit/Info.plist;
				INSTALL_PATH = "$(LOCAL_LIBRARY_DIR)/Frameworks";
				LD_RUNPATH_SEARCH_PATHS = "$(inherited) @executable_path/Frameworks @loader_path/Frameworks";
				PRODUCT_BUNDLE_IDENTIFIER = samwilliams.APIKit;
				PRODUCT_NAME = "$(TARGET_NAME)";
				SKIP_INSTALL = YES;
			};
			name = Release;
		};
		225DE7FE1BEE8069009698FC /* Debug */ = {
			isa = XCBuildConfiguration;
			buildSettings = {
				INFOPLIST_FILE = APIKitTests/Info.plist;
				LD_RUNPATH_SEARCH_PATHS = "$(inherited) @executable_path/Frameworks @loader_path/Frameworks";
				PRODUCT_BUNDLE_IDENTIFIER = samwilliams.APIKitTests;
				PRODUCT_NAME = "$(TARGET_NAME)";
			};
			name = Debug;
		};
		225DE7FF1BEE8069009698FC /* Release */ = {
			isa = XCBuildConfiguration;
			buildSettings = {
				INFOPLIST_FILE = APIKitTests/Info.plist;
				LD_RUNPATH_SEARCH_PATHS = "$(inherited) @executable_path/Frameworks @loader_path/Frameworks";
				PRODUCT_BUNDLE_IDENTIFIER = samwilliams.APIKitTests;
				PRODUCT_NAME = "$(TARGET_NAME)";
			};
			name = Release;
		};
/* End XCBuildConfiguration section */

/* Begin XCConfigurationList section */
		225DE7E01BEE8068009698FC /* Build configuration list for PBXProject "APIKit" */ = {
			isa = XCConfigurationList;
			buildConfigurations = (
				225DE7F81BEE8069009698FC /* Debug */,
				225DE7F91BEE8069009698FC /* Release */,
			);
			defaultConfigurationIsVisible = 0;
			defaultConfigurationName = Release;
		};
		225DE7FA1BEE8069009698FC /* Build configuration list for PBXNativeTarget "APIKit" */ = {
			isa = XCConfigurationList;
			buildConfigurations = (
				225DE7FB1BEE8069009698FC /* Debug */,
				225DE7FC1BEE8069009698FC /* Release */,
			);
			defaultConfigurationIsVisible = 0;
			defaultConfigurationName = Release;
		};
		225DE7FD1BEE8069009698FC /* Build configuration list for PBXNativeTarget "APIKitTests" */ = {
			isa = XCConfigurationList;
			buildConfigurations = (
				225DE7FE1BEE8069009698FC /* Debug */,
				225DE7FF1BEE8069009698FC /* Release */,
			);
			defaultConfigurationIsVisible = 0;
			defaultConfigurationName = Release;
		};
/* End XCConfigurationList section */
	};
	rootObject = 225DE7DD1BEE8068009698FC /* Project object */;
}
